// !$*UTF8*$!
{
	archiveVersion = 1;
	classes = {
	};
	objectVersion = 56;
	objects = {

/* Begin PBXBuildFile section */
		A005722E2986FB5400C6F92D /* ChatViewController.swift in Sources */ = {isa = PBXBuildFile; fileRef = A005722D2986FB5400C6F92D /* ChatViewController.swift */; };
		A00572302987118200C6F92D /* StorageManager.swift in Sources */ = {isa = PBXBuildFile; fileRef = A005722F2987118200C6F92D /* StorageManager.swift */; };
		A0057232298B187D00C6F92D /* ConversationTableViewCell.swift in Sources */ = {isa = PBXBuildFile; fileRef = A0057231298B187D00C6F92D /* ConversationTableViewCell.swift */; };
		A036B7522968BBE8009827EE /* AppDelegate.swift in Sources */ = {isa = PBXBuildFile; fileRef = A036B7512968BBE8009827EE /* AppDelegate.swift */; };
		A036B7542968BBE8009827EE /* SceneDelegate.swift in Sources */ = {isa = PBXBuildFile; fileRef = A036B7532968BBE8009827EE /* SceneDelegate.swift */; };
		A036B7562968BBE8009827EE /* ConversationsViewController.swift in Sources */ = {isa = PBXBuildFile; fileRef = A036B7552968BBE8009827EE /* ConversationsViewController.swift */; };
		A036B7592968BBE8009827EE /* Main.storyboard in Resources */ = {isa = PBXBuildFile; fileRef = A036B7572968BBE8009827EE /* Main.storyboard */; };
		A036B75B2968BBE9009827EE /* Assets.xcassets in Resources */ = {isa = PBXBuildFile; fileRef = A036B75A2968BBE9009827EE /* Assets.xcassets */; };
		A036B75E2968BBE9009827EE /* LaunchScreen.storyboard in Resources */ = {isa = PBXBuildFile; fileRef = A036B75C2968BBE9009827EE /* LaunchScreen.storyboard */; };
		A036B76C2968BD90009827EE /* LoginViewController.swift in Sources */ = {isa = PBXBuildFile; fileRef = A036B76B2968BD90009827EE /* LoginViewController.swift */; };
		A036B76E2968BD9B009827EE /* RegisterViewController.swift in Sources */ = {isa = PBXBuildFile; fileRef = A036B76D2968BD9B009827EE /* RegisterViewController.swift */; };
		A036B7702968BDBE009827EE /* PhotoViewerViewController.swift in Sources */ = {isa = PBXBuildFile; fileRef = A036B76F2968BDBE009827EE /* PhotoViewerViewController.swift */; };
		A036B7722968BDC6009827EE /* VideoPlayerViewController.swift in Sources */ = {isa = PBXBuildFile; fileRef = A036B7712968BDC6009827EE /* VideoPlayerViewController.swift */; };
		A036B7742968BDE7009827EE /* NewConversationViewController.swift in Sources */ = {isa = PBXBuildFile; fileRef = A036B7732968BDE7009827EE /* NewConversationViewController.swift */; };
		A036B7762968BDF0009827EE /* ProfileViewController.swift in Sources */ = {isa = PBXBuildFile; fileRef = A036B7752968BDF0009827EE /* ProfileViewController.swift */; };
		A038131DC5729DAFB055A971 /* Pods_MessengerSwift.framework in Frameworks */ = {isa = PBXBuildFile; fileRef = 5040BD15DD4FDFF111F85CAD /* Pods_MessengerSwift.framework */; };
		A0AEEC4D2968C3C800F1F678 /* Extensions.swift in Sources */ = {isa = PBXBuildFile; fileRef = A0AEEC4C2968C3C800F1F678 /* Extensions.swift */; };
		A0B0F3192992FA1A00962BF2 /* LocationPickerViewController.swift in Sources */ = {isa = PBXBuildFile; fileRef = A0B0F3182992FA1A00962BF2 /* LocationPickerViewController.swift */; };
		A0BF0E1C2981AD1C00052926 /* GoogleService-Info.plist in Resources */ = {isa = PBXBuildFile; fileRef = A0BF0E1B2981AD1C00052926 /* GoogleService-Info.plist */; };
		A0BF0E202981B85600052926 /* DatabaseManager.swift in Sources */ = {isa = PBXBuildFile; fileRef = A0BF0E1F2981B85600052926 /* DatabaseManager.swift */; };
		A0DFB27529904E87002B6BF8 /* NewConversationCell.swift in Sources */ = {isa = PBXBuildFile; fileRef = A0DFB27429904E87002B6BF8 /* NewConversationCell.swift */; };
/* End PBXBuildFile section */

/* Begin PBXFileReference section */
		13D98C9F4C0FAFABA936636A /* Pods-MessengerSwift.debug.xcconfig */ = {isa = PBXFileReference; includeInIndex = 1; lastKnownFileType = text.xcconfig; name = "Pods-MessengerSwift.debug.xcconfig"; path = "Target Support Files/Pods-MessengerSwift/Pods-MessengerSwift.debug.xcconfig"; sourceTree = "<group>"; };
		5040BD15DD4FDFF111F85CAD /* Pods_MessengerSwift.framework */ = {isa = PBXFileReference; explicitFileType = wrapper.framework; includeInIndex = 0; path = Pods_MessengerSwift.framework; sourceTree = BUILT_PRODUCTS_DIR; };
		A005722D2986FB5400C6F92D /* ChatViewController.swift */ = {isa = PBXFileReference; lastKnownFileType = sourcecode.swift; path = ChatViewController.swift; sourceTree = "<group>"; };
		A005722F2987118200C6F92D /* StorageManager.swift */ = {isa = PBXFileReference; lastKnownFileType = sourcecode.swift; path = StorageManager.swift; sourceTree = "<group>"; };
		A0057231298B187D00C6F92D /* ConversationTableViewCell.swift */ = {isa = PBXFileReference; lastKnownFileType = sourcecode.swift; path = ConversationTableViewCell.swift; sourceTree = "<group>"; };
		A036B74E2968BBE8009827EE /* MessengerSwift.app */ = {isa = PBXFileReference; explicitFileType = wrapper.application; includeInIndex = 0; path = MessengerSwift.app; sourceTree = BUILT_PRODUCTS_DIR; };
		A036B7512968BBE8009827EE /* AppDelegate.swift */ = {isa = PBXFileReference; lastKnownFileType = sourcecode.swift; path = AppDelegate.swift; sourceTree = "<group>"; };
		A036B7532968BBE8009827EE /* SceneDelegate.swift */ = {isa = PBXFileReference; lastKnownFileType = sourcecode.swift; path = SceneDelegate.swift; sourceTree = "<group>"; };
		A036B7552968BBE8009827EE /* ConversationsViewController.swift */ = {isa = PBXFileReference; lastKnownFileType = sourcecode.swift; path = ConversationsViewController.swift; sourceTree = "<group>"; };
		A036B7582968BBE8009827EE /* Base */ = {isa = PBXFileReference; lastKnownFileType = file.storyboard; name = Base; path = Base.lproj/Main.storyboard; sourceTree = "<group>"; };
		A036B75A2968BBE9009827EE /* Assets.xcassets */ = {isa = PBXFileReference; lastKnownFileType = folder.assetcatalog; path = Assets.xcassets; sourceTree = "<group>"; };
		A036B75D2968BBE9009827EE /* Base */ = {isa = PBXFileReference; lastKnownFileType = file.storyboard; name = Base; path = Base.lproj/LaunchScreen.storyboard; sourceTree = "<group>"; };
		A036B75F2968BBE9009827EE /* Info.plist */ = {isa = PBXFileReference; lastKnownFileType = text.plist.xml; path = Info.plist; sourceTree = "<group>"; };
		A036B76B2968BD90009827EE /* LoginViewController.swift */ = {isa = PBXFileReference; lastKnownFileType = sourcecode.swift; path = LoginViewController.swift; sourceTree = "<group>"; };
		A036B76D2968BD9B009827EE /* RegisterViewController.swift */ = {isa = PBXFileReference; lastKnownFileType = sourcecode.swift; path = RegisterViewController.swift; sourceTree = "<group>"; };
		A036B76F2968BDBE009827EE /* PhotoViewerViewController.swift */ = {isa = PBXFileReference; lastKnownFileType = sourcecode.swift; path = PhotoViewerViewController.swift; sourceTree = "<group>"; };
		A036B7712968BDC6009827EE /* VideoPlayerViewController.swift */ = {isa = PBXFileReference; lastKnownFileType = sourcecode.swift; path = VideoPlayerViewController.swift; sourceTree = "<group>"; };
		A036B7732968BDE7009827EE /* NewConversationViewController.swift */ = {isa = PBXFileReference; lastKnownFileType = sourcecode.swift; path = NewConversationViewController.swift; sourceTree = "<group>"; };
		A036B7752968BDF0009827EE /* ProfileViewController.swift */ = {isa = PBXFileReference; lastKnownFileType = sourcecode.swift; path = ProfileViewController.swift; sourceTree = "<group>"; };
		A0AEEC4C2968C3C800F1F678 /* Extensions.swift */ = {isa = PBXFileReference; lastKnownFileType = sourcecode.swift; path = Extensions.swift; sourceTree = "<group>"; };
		A0B0F3182992FA1A00962BF2 /* LocationPickerViewController.swift */ = {isa = PBXFileReference; lastKnownFileType = sourcecode.swift; path = LocationPickerViewController.swift; sourceTree = "<group>"; };
		A0B9A9C729853B0800D066CD /* MessengerSwift.entitlements */ = {isa = PBXFileReference; lastKnownFileType = text.plist.entitlements; path = MessengerSwift.entitlements; sourceTree = "<group>"; };
		A0BF0E1B2981AD1C00052926 /* GoogleService-Info.plist */ = {isa = PBXFileReference; fileEncoding = 4; lastKnownFileType = text.plist.xml; path = "GoogleService-Info.plist"; sourceTree = "<group>"; };
		A0BF0E1F2981B85600052926 /* DatabaseManager.swift */ = {isa = PBXFileReference; lastKnownFileType = sourcecode.swift; path = DatabaseManager.swift; sourceTree = "<group>"; };
		A0DFB27429904E87002B6BF8 /* NewConversationCell.swift */ = {isa = PBXFileReference; lastKnownFileType = sourcecode.swift; path = NewConversationCell.swift; sourceTree = "<group>"; };
		C7C18C6E9C36594D3F981EE9 /* Pods-MessengerSwift.release.xcconfig */ = {isa = PBXFileReference; includeInIndex = 1; lastKnownFileType = text.xcconfig; name = "Pods-MessengerSwift.release.xcconfig"; path = "Target Support Files/Pods-MessengerSwift/Pods-MessengerSwift.release.xcconfig"; sourceTree = "<group>"; };
/* End PBXFileReference section */

/* Begin PBXFrameworksBuildPhase section */
		A036B74B2968BBE8009827EE /* Frameworks */ = {
			isa = PBXFrameworksBuildPhase;
			buildActionMask = 2147483647;
			files = (
				A038131DC5729DAFB055A971 /* Pods_MessengerSwift.framework in Frameworks */,
			);
			runOnlyForDeploymentPostprocessing = 0;
		};
/* End PBXFrameworksBuildPhase section */

/* Begin PBXGroup section */
		0C2E08849B494245FCD39B19 /* Pods */ = {
			isa = PBXGroup;
			children = (
				13D98C9F4C0FAFABA936636A /* Pods-MessengerSwift.debug.xcconfig */,
				C7C18C6E9C36594D3F981EE9 /* Pods-MessengerSwift.release.xcconfig */,
			);
			path = Pods;
			sourceTree = "<group>";
		};
		0E3C0E79E946C59D4022AED4 /* Frameworks */ = {
			isa = PBXGroup;
			children = (
				5040BD15DD4FDFF111F85CAD /* Pods_MessengerSwift.framework */,
			);
			name = Frameworks;
			sourceTree = "<group>";
		};
		A036B7452968BBE8009827EE = {
			isa = PBXGroup;
			children = (
				A036B7502968BBE8009827EE /* MessengerSwift */,
				A036B74F2968BBE8009827EE /* Products */,
				0C2E08849B494245FCD39B19 /* Pods */,
				0E3C0E79E946C59D4022AED4 /* Frameworks */,
			);
			sourceTree = "<group>";
		};
		A036B74F2968BBE8009827EE /* Products */ = {
			isa = PBXGroup;
			children = (
				A036B74E2968BBE8009827EE /* MessengerSwift.app */,
			);
			name = Products;
			sourceTree = "<group>";
		};
		A036B7502968BBE8009827EE /* MessengerSwift */ = {
			isa = PBXGroup;
			children = (
				A0B9A9C729853B0800D066CD /* MessengerSwift.entitlements */,
				A0BF0E1B2981AD1C00052926 /* GoogleService-Info.plist */,
				A036B7692968BC6E009827EE /* Resources */,
				A036B7682968BC67009827EE /* ViewModels */,
				A036B7672968BC62009827EE /* Models */,
				A036B7662968BC5C009827EE /* Views */,
				A036B7652968BC55009827EE /* Controllers */,
				A036B75F2968BBE9009827EE /* Info.plist */,
			);
			path = MessengerSwift;
			sourceTree = "<group>";
		};
		A036B7652968BC55009827EE /* Controllers */ = {
			isa = PBXGroup;
			children = (
				A036B7552968BBE8009827EE /* ConversationsViewController.swift */,
				A036B7772968BEDF009827EE /* Login */,
				A036B76F2968BDBE009827EE /* PhotoViewerViewController.swift */,
				A036B7712968BDC6009827EE /* VideoPlayerViewController.swift */,
				A036B7732968BDE7009827EE /* NewConversationViewController.swift */,
				A036B7752968BDF0009827EE /* ProfileViewController.swift */,
				A005722D2986FB5400C6F92D /* ChatViewController.swift */,
				A0B0F3182992FA1A00962BF2 /* LocationPickerViewController.swift */,
			);
			path = Controllers;
			sourceTree = "<group>";
		};
		A036B7662968BC5C009827EE /* Views */ = {
			isa = PBXGroup;
			children = (
				A036B76A2968BC86009827EE /* Storyboards */,
				A036B75A2968BBE9009827EE /* Assets.xcassets */,
				A0057231298B187D00C6F92D /* ConversationTableViewCell.swift */,
				A0DFB27429904E87002B6BF8 /* NewConversationCell.swift */,
			);
			path = Views;
			sourceTree = "<group>";
		};
		A036B7672968BC62009827EE /* Models */ = {
			isa = PBXGroup;
			children = (
			);
			path = Models;
			sourceTree = "<group>";
		};
		A036B7682968BC67009827EE /* ViewModels */ = {
			isa = PBXGroup;
			children = (
			);
			path = ViewModels;
			sourceTree = "<group>";
		};
		A036B7692968BC6E009827EE /* Resources */ = {
			isa = PBXGroup;
			children = (
				A036B7512968BBE8009827EE /* AppDelegate.swift */,
				A036B7532968BBE8009827EE /* SceneDelegate.swift */,
				A0AEEC4C2968C3C800F1F678 /* Extensions.swift */,
				A0BF0E1F2981B85600052926 /* DatabaseManager.swift */,
				A005722F2987118200C6F92D /* StorageManager.swift */,
			);
			path = Resources;
			sourceTree = "<group>";
		};
		A036B76A2968BC86009827EE /* Storyboards */ = {
			isa = PBXGroup;
			children = (
				A036B7572968BBE8009827EE /* Main.storyboard */,
				A036B75C2968BBE9009827EE /* LaunchScreen.storyboard */,
			);
			path = Storyboards;
			sourceTree = "<group>";
		};
		A036B7772968BEDF009827EE /* Login */ = {
			isa = PBXGroup;
			children = (
				A036B76B2968BD90009827EE /* LoginViewController.swift */,
				A036B76D2968BD9B009827EE /* RegisterViewController.swift */,
			);
			path = Login;
			sourceTree = "<group>";
		};
/* End PBXGroup section */

/* Begin PBXNativeTarget section */
		A036B74D2968BBE8009827EE /* MessengerSwift */ = {
			isa = PBXNativeTarget;
			buildConfigurationList = A036B7622968BBE9009827EE /* Build configuration list for PBXNativeTarget "MessengerSwift" */;
			buildPhases = (
				6CE5C263282652415CC2C2E4 /* [CP] Check Pods Manifest.lock */,
				A036B74A2968BBE8009827EE /* Sources */,
				A036B74B2968BBE8009827EE /* Frameworks */,
				A036B74C2968BBE8009827EE /* Resources */,
				061349AE35C5FE9FE01E70FD /* [CP] Embed Pods Frameworks */,
				C86E5F671EDF56E0DA3B268C /* [CP] Copy Pods Resources */,
				A0B0F31B299569C700962BF2 /* ShellScript */,
			);
			buildRules = (
			);
			dependencies = (
			);
			name = MessengerSwift;
			productName = MessengerSwift;
			productReference = A036B74E2968BBE8009827EE /* MessengerSwift.app */;
			productType = "com.apple.product-type.application";
		};
/* End PBXNativeTarget section */

/* Begin PBXProject section */
		A036B7462968BBE8009827EE /* Project object */ = {
			isa = PBXProject;
			attributes = {
				BuildIndependentTargetsInParallel = 1;
				LastSwiftUpdateCheck = 1420;
				LastUpgradeCheck = 1420;
				TargetAttributes = {
					A036B74D2968BBE8009827EE = {
						CreatedOnToolsVersion = 14.2;
					};
				};
			};
			buildConfigurationList = A036B7492968BBE8009827EE /* Build configuration list for PBXProject "MessengerSwift" */;
			compatibilityVersion = "Xcode 14.0";
			developmentRegion = en;
			hasScannedForEncodings = 0;
			knownRegions = (
				en,
				Base,
			);
			mainGroup = A036B7452968BBE8009827EE;
			productRefGroup = A036B74F2968BBE8009827EE /* Products */;
			projectDirPath = "";
			projectRoot = "";
			targets = (
				A036B74D2968BBE8009827EE /* MessengerSwift */,
			);
		};
/* End PBXProject section */

/* Begin PBXResourcesBuildPhase section */
		A036B74C2968BBE8009827EE /* Resources */ = {
			isa = PBXResourcesBuildPhase;
			buildActionMask = 2147483647;
			files = (
				A036B75E2968BBE9009827EE /* LaunchScreen.storyboard in Resources */,
				A036B75B2968BBE9009827EE /* Assets.xcassets in Resources */,
				A036B7592968BBE8009827EE /* Main.storyboard in Resources */,
				A0BF0E1C2981AD1C00052926 /* GoogleService-Info.plist in Resources */,
			);
			runOnlyForDeploymentPostprocessing = 0;
		};
/* End PBXResourcesBuildPhase section */

/* Begin PBXShellScriptBuildPhase section */
		061349AE35C5FE9FE01E70FD /* [CP] Embed Pods Frameworks */ = {
			isa = PBXShellScriptBuildPhase;
			buildActionMask = 2147483647;
			files = (
			);
			inputFileListPaths = (
				"${PODS_ROOT}/Target Support Files/Pods-MessengerSwift/Pods-MessengerSwift-frameworks-${CONFIGURATION}-input-files.xcfilelist",
			);
			name = "[CP] Embed Pods Frameworks";
			outputFileListPaths = (
				"${PODS_ROOT}/Target Support Files/Pods-MessengerSwift/Pods-MessengerSwift-frameworks-${CONFIGURATION}-output-files.xcfilelist",
			);
			runOnlyForDeploymentPostprocessing = 0;
			shellPath = /bin/sh;
			shellScript = "\"${PODS_ROOT}/Target Support Files/Pods-MessengerSwift/Pods-MessengerSwift-frameworks.sh\"\n";
			showEnvVarsInLog = 0;
		};
		6CE5C263282652415CC2C2E4 /* [CP] Check Pods Manifest.lock */ = {
			isa = PBXShellScriptBuildPhase;
			buildActionMask = 2147483647;
			files = (
			);
			inputFileListPaths = (
			);
			inputPaths = (
				"${PODS_PODFILE_DIR_PATH}/Podfile.lock",
				"${PODS_ROOT}/Manifest.lock",
			);
			name = "[CP] Check Pods Manifest.lock";
			outputFileListPaths = (
			);
			outputPaths = (
				"$(DERIVED_FILE_DIR)/Pods-MessengerSwift-checkManifestLockResult.txt",
			);
			runOnlyForDeploymentPostprocessing = 0;
			shellPath = /bin/sh;
			shellScript = "diff \"${PODS_PODFILE_DIR_PATH}/Podfile.lock\" \"${PODS_ROOT}/Manifest.lock\" > /dev/null\nif [ $? != 0 ] ; then\n    # print error to STDERR\n    echo \"error: The sandbox is not in sync with the Podfile.lock. Run 'pod install' or update your CocoaPods installation.\" >&2\n    exit 1\nfi\n# This output is used by Xcode 'outputs' to avoid re-running this script phase.\necho \"SUCCESS\" > \"${SCRIPT_OUTPUT_FILE_0}\"\n";
			showEnvVarsInLog = 0;
		};
		A0B0F31B299569C700962BF2 /* ShellScript */ = {
			isa = PBXShellScriptBuildPhase;
			buildActionMask = 8;
			files = (
			);
			inputFileListPaths = (
			);
			inputPaths = (
				"${DWARF_DSYM_FOLDER_PATH}/${DWARF_DSYM_FILE_NAME}/Contents/Resources/DWARF/${TARGET_NAME}",
				"$(SRCROOT)/$(BUILT_PRODUCTS_DIR)/$(INFOPLIST_PATH)",
			);
			outputFileListPaths = (
			);
			outputPaths = (
			);
			runOnlyForDeploymentPostprocessing = 1;
			shellPath = /bin/sh;
			shellScript = "\"${BUILD_DIR%/Build/*}/SourcePackages/checkouts/firebase-ios-sdk/Crashlytics/run\"\n";
		};
		C86E5F671EDF56E0DA3B268C /* [CP] Copy Pods Resources */ = {
			isa = PBXShellScriptBuildPhase;
			buildActionMask = 2147483647;
			files = (
			);
			inputFileListPaths = (
				"${PODS_ROOT}/Target Support Files/Pods-MessengerSwift/Pods-MessengerSwift-resources-${CONFIGURATION}-input-files.xcfilelist",
			);
			name = "[CP] Copy Pods Resources";
			outputFileListPaths = (
				"${PODS_ROOT}/Target Support Files/Pods-MessengerSwift/Pods-MessengerSwift-resources-${CONFIGURATION}-output-files.xcfilelist",
			);
			runOnlyForDeploymentPostprocessing = 0;
			shellPath = /bin/sh;
			shellScript = "\"${PODS_ROOT}/Target Support Files/Pods-MessengerSwift/Pods-MessengerSwift-resources.sh\"\n";
			showEnvVarsInLog = 0;
		};
/* End PBXShellScriptBuildPhase section */

/* Begin PBXSourcesBuildPhase section */
		A036B74A2968BBE8009827EE /* Sources */ = {
			isa = PBXSourcesBuildPhase;
			buildActionMask = 2147483647;
			files = (
				A036B76C2968BD90009827EE /* LoginViewController.swift in Sources */,
				A0DFB27529904E87002B6BF8 /* NewConversationCell.swift in Sources */,
				A0BF0E202981B85600052926 /* DatabaseManager.swift in Sources */,
				A036B76E2968BD9B009827EE /* RegisterViewController.swift in Sources */,
				A036B7742968BDE7009827EE /* NewConversationViewController.swift in Sources */,
				A036B7562968BBE8009827EE /* ConversationsViewController.swift in Sources */,
				A036B7722968BDC6009827EE /* VideoPlayerViewController.swift in Sources */,
				A0AEEC4D2968C3C800F1F678 /* Extensions.swift in Sources */,
				A036B7522968BBE8009827EE /* AppDelegate.swift in Sources */,
				A036B7762968BDF0009827EE /* ProfileViewController.swift in Sources */,
				A036B7542968BBE8009827EE /* SceneDelegate.swift in Sources */,
				A0057232298B187D00C6F92D /* ConversationTableViewCell.swift in Sources */,
				A005722E2986FB5400C6F92D /* ChatViewController.swift in Sources */,
				A036B7702968BDBE009827EE /* PhotoViewerViewController.swift in Sources */,
				A00572302987118200C6F92D /* StorageManager.swift in Sources */,
				A0B0F3192992FA1A00962BF2 /* LocationPickerViewController.swift in Sources */,
			);
			runOnlyForDeploymentPostprocessing = 0;
		};
/* End PBXSourcesBuildPhase section */

/* Begin PBXVariantGroup section */
		A036B7572968BBE8009827EE /* Main.storyboard */ = {
			isa = PBXVariantGroup;
			children = (
				A036B7582968BBE8009827EE /* Base */,
			);
			name = Main.storyboard;
			sourceTree = "<group>";
		};
		A036B75C2968BBE9009827EE /* LaunchScreen.storyboard */ = {
			isa = PBXVariantGroup;
			children = (
				A036B75D2968BBE9009827EE /* Base */,
			);
			name = LaunchScreen.storyboard;
			sourceTree = "<group>";
		};
/* End PBXVariantGroup section */

/* Begin XCBuildConfiguration section */
		A036B7602968BBE9009827EE /* Debug */ = {
			isa = XCBuildConfiguration;
			buildSettings = {
				ALWAYS_SEARCH_USER_PATHS = NO;
				CLANG_ANALYZER_NONNULL = YES;
				CLANG_ANALYZER_NUMBER_OBJECT_CONVERSION = YES_AGGRESSIVE;
				CLANG_CXX_LANGUAGE_STANDARD = "gnu++20";
				CLANG_ENABLE_MODULES = YES;
				CLANG_ENABLE_OBJC_ARC = YES;
				CLANG_ENABLE_OBJC_WEAK = YES;
				CLANG_WARN_BLOCK_CAPTURE_AUTORELEASING = YES;
				CLANG_WARN_BOOL_CONVERSION = YES;
				CLANG_WARN_COMMA = YES;
				CLANG_WARN_CONSTANT_CONVERSION = YES;
				CLANG_WARN_DEPRECATED_OBJC_IMPLEMENTATIONS = YES;
				CLANG_WARN_DIRECT_OBJC_ISA_USAGE = YES_ERROR;
				CLANG_WARN_DOCUMENTATION_COMMENTS = YES;
				CLANG_WARN_EMPTY_BODY = YES;
				CLANG_WARN_ENUM_CONVERSION = YES;
				CLANG_WARN_INFINITE_RECURSION = YES;
				CLANG_WARN_INT_CONVERSION = YES;
				CLANG_WARN_NON_LITERAL_NULL_CONVERSION = YES;
				CLANG_WARN_OBJC_IMPLICIT_RETAIN_SELF = YES;
				CLANG_WARN_OBJC_LITERAL_CONVERSION = YES;
				CLANG_WARN_OBJC_ROOT_CLASS = YES_ERROR;
				CLANG_WARN_QUOTED_INCLUDE_IN_FRAMEWORK_HEADER = YES;
				CLANG_WARN_RANGE_LOOP_ANALYSIS = YES;
				CLANG_WARN_STRICT_PROTOTYPES = YES;
				CLANG_WARN_SUSPICIOUS_MOVE = YES;
				CLANG_WARN_UNGUARDED_AVAILABILITY = YES_AGGRESSIVE;
				CLANG_WARN_UNREACHABLE_CODE = YES;
				CLANG_WARN__DUPLICATE_METHOD_MATCH = YES;
				COPY_PHASE_STRIP = NO;
				DEBUG_INFORMATION_FORMAT = dwarf;
				ENABLE_STRICT_OBJC_MSGSEND = YES;
				ENABLE_TESTABILITY = YES;
				GCC_C_LANGUAGE_STANDARD = gnu11;
				GCC_DYNAMIC_NO_PIC = NO;
				GCC_NO_COMMON_BLOCKS = YES;
				GCC_OPTIMIZATION_LEVEL = 0;
				GCC_PREPROCESSOR_DEFINITIONS = (
					"DEBUG=1",
					"$(inherited)",
				);
				GCC_WARN_64_TO_32_BIT_CONVERSION = YES;
				GCC_WARN_ABOUT_RETURN_TYPE = YES_ERROR;
				GCC_WARN_UNDECLARED_SELECTOR = YES;
				GCC_WARN_UNINITIALIZED_AUTOS = YES_AGGRESSIVE;
				GCC_WARN_UNUSED_FUNCTION = YES;
				GCC_WARN_UNUSED_VARIABLE = YES;
				IPHONEOS_DEPLOYMENT_TARGET = 16.2;
				MTL_ENABLE_DEBUG_INFO = INCLUDE_SOURCE;
				MTL_FAST_MATH = YES;
				ONLY_ACTIVE_ARCH = YES;
				SDKROOT = iphoneos;
				SWIFT_ACTIVE_COMPILATION_CONDITIONS = DEBUG;
				SWIFT_OPTIMIZATION_LEVEL = "-Onone";
			};
			name = Debug;
		};
		A036B7612968BBE9009827EE /* Release */ = {
			isa = XCBuildConfiguration;
			buildSettings = {
				ALWAYS_SEARCH_USER_PATHS = NO;
				CLANG_ANALYZER_NONNULL = YES;
				CLANG_ANALYZER_NUMBER_OBJECT_CONVERSION = YES_AGGRESSIVE;
				CLANG_CXX_LANGUAGE_STANDARD = "gnu++20";
				CLANG_ENABLE_MODULES = YES;
				CLANG_ENABLE_OBJC_ARC = YES;
				CLANG_ENABLE_OBJC_WEAK = YES;
				CLANG_WARN_BLOCK_CAPTURE_AUTORELEASING = YES;
				CLANG_WARN_BOOL_CONVERSION = YES;
				CLANG_WARN_COMMA = YES;
				CLANG_WARN_CONSTANT_CONVERSION = YES;
				CLANG_WARN_DEPRECATED_OBJC_IMPLEMENTATIONS = YES;
				CLANG_WARN_DIRECT_OBJC_ISA_USAGE = YES_ERROR;
				CLANG_WARN_DOCUMENTATION_COMMENTS = YES;
				CLANG_WARN_EMPTY_BODY = YES;
				CLANG_WARN_ENUM_CONVERSION = YES;
				CLANG_WARN_INFINITE_RECURSION = YES;
				CLANG_WARN_INT_CONVERSION = YES;
				CLANG_WARN_NON_LITERAL_NULL_CONVERSION = YES;
				CLANG_WARN_OBJC_IMPLICIT_RETAIN_SELF = YES;
				CLANG_WARN_OBJC_LITERAL_CONVERSION = YES;
				CLANG_WARN_OBJC_ROOT_CLASS = YES_ERROR;
				CLANG_WARN_QUOTED_INCLUDE_IN_FRAMEWORK_HEADER = YES;
				CLANG_WARN_RANGE_LOOP_ANALYSIS = YES;
				CLANG_WARN_STRICT_PROTOTYPES = YES;
				CLANG_WARN_SUSPICIOUS_MOVE = YES;
				CLANG_WARN_UNGUARDED_AVAILABILITY = YES_AGGRESSIVE;
				CLANG_WARN_UNREACHABLE_CODE = YES;
				CLANG_WARN__DUPLICATE_METHOD_MATCH = YES;
				COPY_PHASE_STRIP = NO;
				DEBUG_INFORMATION_FORMAT = "dwarf-with-dsym";
				ENABLE_NS_ASSERTIONS = NO;
				ENABLE_STRICT_OBJC_MSGSEND = YES;
				GCC_C_LANGUAGE_STANDARD = gnu11;
				GCC_NO_COMMON_BLOCKS = YES;
				GCC_WARN_64_TO_32_BIT_CONVERSION = YES;
				GCC_WARN_ABOUT_RETURN_TYPE = YES_ERROR;
				GCC_WARN_UNDECLARED_SELECTOR = YES;
				GCC_WARN_UNINITIALIZED_AUTOS = YES_AGGRESSIVE;
				GCC_WARN_UNUSED_FUNCTION = YES;
				GCC_WARN_UNUSED_VARIABLE = YES;
				IPHONEOS_DEPLOYMENT_TARGET = 16.2;
				MTL_ENABLE_DEBUG_INFO = NO;
				MTL_FAST_MATH = YES;
				SDKROOT = iphoneos;
				SWIFT_COMPILATION_MODE = wholemodule;
				SWIFT_OPTIMIZATION_LEVEL = "-O";
				VALIDATE_PRODUCT = YES;
			};
			name = Release;
		};
		A036B7632968BBE9009827EE /* Debug */ = {
			isa = XCBuildConfiguration;
			baseConfigurationReference = 13D98C9F4C0FAFABA936636A /* Pods-MessengerSwift.debug.xcconfig */;
			buildSettings = {
				ASSETCATALOG_COMPILER_APPICON_NAME = AppIcon;
				ASSETCATALOG_COMPILER_GLOBAL_ACCENT_COLOR_NAME = AccentColor;
				CODE_SIGN_ENTITLEMENTS = MessengerSwift/MessengerSwift.entitlements;
				CODE_SIGN_STYLE = Automatic;
				CURRENT_PROJECT_VERSION = 1;
				DEBUG_INFORMATION_FORMAT = "dwarf-with-dsym";
				DEVELOPMENT_TEAM = 68KQTL44VS;
				EXCLUDED_ARCHS = "";
				"EXCLUDED_ARCHS[sdk=*]" = "";
				GENERATE_INFOPLIST_FILE = YES;
				INFOPLIST_FILE = MessengerSwift/Info.plist;
				INFOPLIST_KEY_NSCameraUsageDescription = "Please allow access to take a profile picture";
				INFOPLIST_KEY_NSPhotoLibraryAddUsageDescription = "Please allow acces to select a photo for your profile";
				INFOPLIST_KEY_UIApplicationSupportsIndirectInputEvents = YES;
				INFOPLIST_KEY_UILaunchStoryboardName = LaunchScreen;
				INFOPLIST_KEY_UIMainStoryboardFile = Main;
				INFOPLIST_KEY_UISupportedInterfaceOrientations = UIInterfaceOrientationPortrait;
				INFOPLIST_KEY_UISupportedInterfaceOrientations_iPad = "UIInterfaceOrientationLandscapeLeft UIInterfaceOrientationLandscapeRight UIInterfaceOrientationPortrait UIInterfaceOrientationPortraitUpsideDown";
				IPHONEOS_DEPLOYMENT_TARGET = 13.0;
				LD_RUNPATH_SEARCH_PATHS = (
					"$(inherited)",
					"@executable_path/Frameworks",
				);
				MARKETING_VERSION = 1.0;
				ONLY_ACTIVE_ARCH = YES;
				PRODUCT_BUNDLE_IDENTIFIER = com.denizataes.MessengerSwift;
				PRODUCT_NAME = "$(TARGET_NAME)";
				SWIFT_EMIT_LOC_STRINGS = YES;
				SWIFT_VERSION = 5.0;
				TARGETED_DEVICE_FAMILY = "1,2";
			};
			name = Debug;
		};
		A036B7642968BBE9009827EE /* Release */ = {
			isa = XCBuildConfiguration;
			baseConfigurationReference = C7C18C6E9C36594D3F981EE9 /* Pods-MessengerSwift.release.xcconfig */;
			buildSettings = {
				ASSETCATALOG_COMPILER_APPICON_NAME = AppIcon;
				ASSETCATALOG_COMPILER_GLOBAL_ACCENT_COLOR_NAME = AccentColor;
				CODE_SIGN_ENTITLEMENTS = MessengerSwift/MessengerSwift.entitlements;
				CODE_SIGN_STYLE = Automatic;
				CURRENT_PROJECT_VERSION = 1;
				DEVELOPMENT_TEAM = 68KQTL44VS;
				EXCLUDED_ARCHS = "";
				GENERATE_INFOPLIST_FILE = YES;
				INFOPLIST_FILE = MessengerSwift/Info.plist;
				INFOPLIST_KEY_NSCameraUsageDescription = "Please allow access to take a profile picture";
				INFOPLIST_KEY_NSPhotoLibraryAddUsageDescription = "Please allow acces to select a photo for your profile";
				INFOPLIST_KEY_UIApplicationSupportsIndirectInputEvents = YES;
				INFOPLIST_KEY_UILaunchStoryboardName = LaunchScreen;
				INFOPLIST_KEY_UIMainStoryboardFile = Main;
				INFOPLIST_KEY_UISupportedInterfaceOrientations = UIInterfaceOrientationPortrait;
				INFOPLIST_KEY_UISupportedInterfaceOrientations_iPad = "UIInterfaceOrientationLandscapeLeft UIInterfaceOrientationLandscapeRight UIInterfaceOrientationPortrait UIInterfaceOrientationPortraitUpsideDown";
				IPHONEOS_DEPLOYMENT_TARGET = 13.0;
				LD_RUNPATH_SEARCH_PATHS = (
					"$(inherited)",
					"@executable_path/Frameworks",
				);
				MARKETING_VERSION = 1.0;
				ONLY_ACTIVE_ARCH = YES;
				PRODUCT_BUNDLE_IDENTIFIER = com.denizataes.MessengerSwift;
				PRODUCT_NAME = "$(TARGET_NAME)";
				SWIFT_EMIT_LOC_STRINGS = YES;
				SWIFT_VERSION = 5.0;
				TARGETED_DEVICE_FAMILY = "1,2";
			};
			name = Release;
		};
/* End XCBuildConfiguration section */

/* Begin XCConfigurationList section */
		A036B7492968BBE8009827EE /* Build configuration list for PBXProject "MessengerSwift" */ = {
			isa = XCConfigurationList;
			buildConfigurations = (
				A036B7602968BBE9009827EE /* Debug */,
				A036B7612968BBE9009827EE /* Release */,
			);
			defaultConfigurationIsVisible = 0;
			defaultConfigurationName = Release;
		};
		A036B7622968BBE9009827EE /* Build configuration list for PBXNativeTarget "MessengerSwift" */ = {
			isa = XCConfigurationList;
			buildConfigurations = (
				A036B7632968BBE9009827EE /* Debug */,
				A036B7642968BBE9009827EE /* Release */,
			);
			defaultConfigurationIsVisible = 0;
			defaultConfigurationName = Release;
		};
/* End XCConfigurationList section */
	};
	rootObject = A036B7462968BBE8009827EE /* Project object */;
}
